{
  "name": "trpc",
  "version": "1.0.0",
  "lockfileVersion": 3,
  "requires": true,
  "packages": {
    "": {
      "name": "trpc",
      "version": "1.0.0",
      "license": "ISC",
      "dependencies": {
        "@trpc/client": "^11.0.0-next-beta.228",
        "@trpc/server": "^11.0.0-next-beta.228",
        "zod": "^3.22.4"
      }
    },
    "node_modules/@trpc/client": {
      "version": "11.0.0-next-beta.228",
      "resolved": "https://registry.npmjs.org/@trpc/client/-/client-11.0.0-next-beta.228.tgz",
      "integrity": "sha512-LM7vHbzJBzOs31nONUQV0Mdxsuz7YNt6KDe+5BnLDFS7qXcUcgVj6lpFgtglWEOEDBa02OHQYujyzrajvb3asA==",
      "funding": [
        "https://trpc.io/sponsor"
      ],
      "peerDependencies": {
        "@trpc/server": "11.0.0-next-beta.228+38f3240e9"
      }
    },
    "node_modules/@trpc/server": {
      "version": "11.0.0-next-beta.228",
      "resolved": "https://registry.npmjs.org/@trpc/server/-/server-11.0.0-next-beta.228.tgz",
      "integrity": "sha512-8pRT1Ixrh8310KlPLLwlfEmfWXL9yrJK+mz9jFgvsiEtazR2N7rUFV8SoG2SWGxLkTaPc03o4k1JSf83XDwWRw==",
      "funding": [
        "https://trpc.io/sponsor"
      ]
    },
    "node_modules/zod": {
      "version": "3.22.4",
      "resolved": "https://registry.npmjs.org/zod/-/zod-3.22.4.tgz",
      "integrity": "sha512-iC+8Io04lddc+mVqQ9AZ7OQ2MrUKGN+oIQyq1vemgt46jwCwLfhq7/pwnBnNXXXZb8VTVLKwp9EDkx+ryxIWmg==",
      "funding": {
        "url": "https://github.com/sponsors/colinhacks"
      }
    }
  }
}
